// !$*UTF8*$!
{
	archiveVersion = 1;
	classes = {
	};
	objectVersion = 56;
	objects = {

/* Begin PBXBuildFile section */
		B410251A29E68D8A00951114 /* FruitusApp.swift in Sources */ = {isa = PBXBuildFile; fileRef = B410251929E68D8A00951114 /* FruitusApp.swift */; };
		B410251C29E68D8A00951114 /* ContentView.swift in Sources */ = {isa = PBXBuildFile; fileRef = B410251B29E68D8A00951114 /* ContentView.swift */; };
		B410251E29E68D8C00951114 /* Assets.xcassets in Resources */ = {isa = PBXBuildFile; fileRef = B410251D29E68D8C00951114 /* Assets.xcassets */; };
		B410252229E68D8C00951114 /* Preview Assets.xcassets in Resources */ = {isa = PBXBuildFile; fileRef = B410252129E68D8C00951114 /* Preview Assets.xcassets */; };
		B449203329E9219E00339A3A /* FruitData.swift in Sources */ = {isa = PBXBuildFile; fileRef = B449203229E9219E00339A3A /* FruitData.swift */; };
		B449203529E965BE00339A3A /* FruitRowView.swift in Sources */ = {isa = PBXBuildFile; fileRef = B449203429E965BE00339A3A /* FruitRowView.swift */; };
		B449203729E974C400339A3A /* FruitDetailView.swift in Sources */ = {isa = PBXBuildFile; fileRef = B449203629E974C400339A3A /* FruitDetailView.swift */; };
		B449203929E990B100339A3A /* FruitHeaderView.swift in Sources */ = {isa = PBXBuildFile; fileRef = B449203829E990B100339A3A /* FruitHeaderView.swift */; };
		B449203B29E9A62C00339A3A /* FruitNutrientsView.swift in Sources */ = {isa = PBXBuildFile; fileRef = B449203A29E9A62C00339A3A /* FruitNutrientsView.swift */; };
		B45CD4C329ED94B2004D7706 /* SettingsView.swift in Sources */ = {isa = PBXBuildFile; fileRef = B45CD4C229ED94B2004D7706 /* SettingsView.swift */; };
		B45CD4C529EDA41B004D7706 /* SettingsLableView.swift in Sources */ = {isa = PBXBuildFile; fileRef = B45CD4C429EDA41B004D7706 /* SettingsLableView.swift */; };
		B484CDAF29E865D900834DB1 /* OnboardingView.swift in Sources */ = {isa = PBXBuildFile; fileRef = B484CDAE29E865D900834DB1 /* OnboardingView.swift */; };
		B491E1A929EEEDDD00A8DD7A /* SettingsRowView.swift in Sources */ = {isa = PBXBuildFile; fileRef = B491E1A829EEEDDD00A8DD7A /* SettingsRowView.swift */; };
		B49EABC429E7B6D500D527E0 /* FruitCardView.swift in Sources */ = {isa = PBXBuildFile; fileRef = B49EABC329E7B6D500D527E0 /* FruitCardView.swift */; };
		B49EABC629E7C18B00D527E0 /* StartButtonView.swift in Sources */ = {isa = PBXBuildFile; fileRef = B49EABC529E7C18B00D527E0 /* StartButtonView.swift */; };
		B4F45FC62A27469E009BB4EB /* FruitModel.swift in Sources */ = {isa = PBXBuildFile; fileRef = B4F45FC52A27469E009BB4EB /* FruitModel.swift */; };
/* End PBXBuildFile section */

/* Begin PBXFileReference section */
		B410251629E68D8A00951114 /* Fruitus.app */ = {isa = PBXFileReference; explicitFileType = wrapper.application; includeInIndex = 0; path = Fruitus.app; sourceTree = BUILT_PRODUCTS_DIR; };
		B410251929E68D8A00951114 /* FruitusApp.swift */ = {isa = PBXFileReference; lastKnownFileType = sourcecode.swift; path = FruitusApp.swift; sourceTree = "<group>"; };
		B410251B29E68D8A00951114 /* ContentView.swift */ = {isa = PBXFileReference; lastKnownFileType = sourcecode.swift; path = ContentView.swift; sourceTree = "<group>"; };
		B410251D29E68D8C00951114 /* Assets.xcassets */ = {isa = PBXFileReference; lastKnownFileType = folder.assetcatalog; path = Assets.xcassets; sourceTree = "<group>"; };
		B410251F29E68D8C00951114 /* Fruitus.entitlements */ = {isa = PBXFileReference; lastKnownFileType = text.plist.entitlements; path = Fruitus.entitlements; sourceTree = "<group>"; };
		B410252129E68D8C00951114 /* Preview Assets.xcassets */ = {isa = PBXFileReference; lastKnownFileType = folder.assetcatalog; path = "Preview Assets.xcassets"; sourceTree = "<group>"; };
		B449203229E9219E00339A3A /* FruitData.swift */ = {isa = PBXFileReference; lastKnownFileType = sourcecode.swift; path = FruitData.swift; sourceTree = "<group>"; };
		B449203429E965BE00339A3A /* FruitRowView.swift */ = {isa = PBXFileReference; lastKnownFileType = sourcecode.swift; path = FruitRowView.swift; sourceTree = "<group>"; };
		B449203629E974C400339A3A /* FruitDetailView.swift */ = {isa = PBXFileReference; lastKnownFileType = sourcecode.swift; path = FruitDetailView.swift; sourceTree = "<group>"; };
		B449203829E990B100339A3A /* FruitHeaderView.swift */ = {isa = PBXFileReference; lastKnownFileType = sourcecode.swift; path = FruitHeaderView.swift; sourceTree = "<group>"; };
		B449203A29E9A62C00339A3A /* FruitNutrientsView.swift */ = {isa = PBXFileReference; lastKnownFileType = sourcecode.swift; path = FruitNutrientsView.swift; sourceTree = "<group>"; };
		B45CD4C229ED94B2004D7706 /* SettingsView.swift */ = {isa = PBXFileReference; lastKnownFileType = sourcecode.swift; path = SettingsView.swift; sourceTree = "<group>"; };
		B45CD4C429EDA41B004D7706 /* SettingsLableView.swift */ = {isa = PBXFileReference; lastKnownFileType = sourcecode.swift; path = SettingsLableView.swift; sourceTree = "<group>"; };
		B484CDAE29E865D900834DB1 /* OnboardingView.swift */ = {isa = PBXFileReference; lastKnownFileType = sourcecode.swift; path = OnboardingView.swift; sourceTree = "<group>"; };
		B491E1A829EEEDDD00A8DD7A /* SettingsRowView.swift */ = {isa = PBXFileReference; lastKnownFileType = sourcecode.swift; path = SettingsRowView.swift; sourceTree = "<group>"; };
		B49EABC329E7B6D500D527E0 /* FruitCardView.swift */ = {isa = PBXFileReference; lastKnownFileType = sourcecode.swift; path = FruitCardView.swift; sourceTree = "<group>"; };
		B49EABC529E7C18B00D527E0 /* StartButtonView.swift */ = {isa = PBXFileReference; lastKnownFileType = sourcecode.swift; path = StartButtonView.swift; sourceTree = "<group>"; };
		B4F45FC52A27469E009BB4EB /* FruitModel.swift */ = {isa = PBXFileReference; fileEncoding = 4; lastKnownFileType = sourcecode.swift; path = FruitModel.swift; sourceTree = "<group>"; };
/* End PBXFileReference section */

/* Begin PBXFrameworksBuildPhase section */
		B410251329E68D8A00951114 /* Frameworks */ = {
			isa = PBXFrameworksBuildPhase;
			buildActionMask = 2147483647;
			files = (
			);
			runOnlyForDeploymentPostprocessing = 0;
		};
/* End PBXFrameworksBuildPhase section */

/* Begin PBXGroup section */
		B410250D29E68D8A00951114 = {
			isa = PBXGroup;
			children = (
				B410251829E68D8A00951114 /* Fruitus */,
				B410251729E68D8A00951114 /* Products */,
			);
			sourceTree = "<group>";
		};
		B410251729E68D8A00951114 /* Products */ = {
			isa = PBXGroup;
			children = (
				B410251629E68D8A00951114 /* Fruitus.app */,
			);
			name = Products;
			sourceTree = "<group>";
		};
		B410251829E68D8A00951114 /* Fruitus */ = {
			isa = PBXGroup;
			children = (
				B449202F29E91ECC00339A3A /* Data */,
				B449202E29E91EC300339A3A /* Model */,
				B49EABC229E7B6AB00D527E0 /* View */,
				B49EABC129E7B69B00D527E0 /* App */,
				B410251D29E68D8C00951114 /* Assets.xcassets */,
				B410251F29E68D8C00951114 /* Fruitus.entitlements */,
				B410252029E68D8C00951114 /* Preview Content */,
			);
			path = Fruitus;
			sourceTree = "<group>";
		};
		B410252029E68D8C00951114 /* Preview Content */ = {
			isa = PBXGroup;
			children = (
				B410252129E68D8C00951114 /* Preview Assets.xcassets */,
			);
			path = "Preview Content";
			sourceTree = "<group>";
		};
		B449202E29E91EC300339A3A /* Model */ = {
			isa = PBXGroup;
			children = (
				B4F45FC52A27469E009BB4EB /* FruitModel.swift */,
			);
			path = Model;
			sourceTree = "<group>";
		};
		B449202F29E91ECC00339A3A /* Data */ = {
			isa = PBXGroup;
			children = (
				B449203229E9219E00339A3A /* FruitData.swift */,
			);
			path = Data;
			sourceTree = "<group>";
		};
		B49EABC129E7B69B00D527E0 /* App */ = {
			isa = PBXGroup;
			children = (
				B45CD4C229ED94B2004D7706 /* SettingsView.swift */,
				B410251929E68D8A00951114 /* FruitusApp.swift */,
				B410251B29E68D8A00951114 /* ContentView.swift */,
				B484CDAE29E865D900834DB1 /* OnboardingView.swift */,
				B449203629E974C400339A3A /* FruitDetailView.swift */,
			);
			path = App;
			sourceTree = "<group>";
		};
		B49EABC229E7B6AB00D527E0 /* View */ = {
			isa = PBXGroup;
			children = (
				B49EABC329E7B6D500D527E0 /* FruitCardView.swift */,
				B49EABC529E7C18B00D527E0 /* StartButtonView.swift */,
				B449203429E965BE00339A3A /* FruitRowView.swift */,
				B449203829E990B100339A3A /* FruitHeaderView.swift */,
				B449203A29E9A62C00339A3A /* FruitNutrientsView.swift */,
				B45CD4C429EDA41B004D7706 /* SettingsLableView.swift */,
				B491E1A829EEEDDD00A8DD7A /* SettingsRowView.swift */,
			);
			path = View;
			sourceTree = "<group>";
		};
/* End PBXGroup section */

/* Begin PBXNativeTarget section */
		B410251529E68D8A00951114 /* Fruitus */ = {
			isa = PBXNativeTarget;
			buildConfigurationList = B410252529E68D8C00951114 /* Build configuration list for PBXNativeTarget "Fruitus" */;
			buildPhases = (
				B410251229E68D8A00951114 /* Sources */,
				B410251329E68D8A00951114 /* Frameworks */,
				B410251429E68D8A00951114 /* Resources */,
			);
			buildRules = (
			);
			dependencies = (
			);
			name = Fruitus;
			productName = Fruitus;
			productReference = B410251629E68D8A00951114 /* Fruitus.app */;
			productType = "com.apple.product-type.application";
		};
/* End PBXNativeTarget section */

/* Begin PBXProject section */
		B410250E29E68D8A00951114 /* Project object */ = {
			isa = PBXProject;
			attributes = {
				BuildIndependentTargetsInParallel = 1;
				LastSwiftUpdateCheck = 1420;
				LastUpgradeCheck = 1420;
				TargetAttributes = {
					B410251529E68D8A00951114 = {
						CreatedOnToolsVersion = 14.2;
					};
				};
			};
			buildConfigurationList = B410251129E68D8A00951114 /* Build configuration list for PBXProject "Fruitus" */;
			compatibilityVersion = "Xcode 14.0";
			developmentRegion = en;
			hasScannedForEncodings = 0;
			knownRegions = (
				en,
				Base,
			);
			mainGroup = B410250D29E68D8A00951114;
			productRefGroup = B410251729E68D8A00951114 /* Products */;
			projectDirPath = "";
			projectRoot = "";
			targets = (
				B410251529E68D8A00951114 /* Fruitus */,
			);
		};
/* End PBXProject section */

/* Begin PBXResourcesBuildPhase section */
		B410251429E68D8A00951114 /* Resources */ = {
			isa = PBXResourcesBuildPhase;
			buildActionMask = 2147483647;
			files = (
				B410252229E68D8C00951114 /* Preview Assets.xcassets in Resources */,
				B410251E29E68D8C00951114 /* Assets.xcassets in Resources */,
			);
			runOnlyForDeploymentPostprocessing = 0;
		};
/* End PBXResourcesBuildPhase section */

/* Begin PBXSourcesBuildPhase section */
		B410251229E68D8A00951114 /* Sources */ = {
			isa = PBXSourcesBuildPhase;
			buildActionMask = 2147483647;
			files = (
				B449203329E9219E00339A3A /* FruitData.swift in Sources */,
				B449203529E965BE00339A3A /* FruitRowView.swift in Sources */,
				B49EABC429E7B6D500D527E0 /* FruitCardView.swift in Sources */,
				B45CD4C529EDA41B004D7706 /* SettingsLableView.swift in Sources */,
				B449203729E974C400339A3A /* FruitDetailView.swift in Sources */,
				B491E1A929EEEDDD00A8DD7A /* SettingsRowView.swift in Sources */,
				B4F45FC62A27469E009BB4EB /* FruitModel.swift in Sources */,
				B449203B29E9A62C00339A3A /* FruitNutrientsView.swift in Sources */,
				B49EABC629E7C18B00D527E0 /* StartButtonView.swift in Sources */,
				B449203929E990B100339A3A /* FruitHeaderView.swift in Sources */,
				B410251C29E68D8A00951114 /* ContentView.swift in Sources */,
				B45CD4C329ED94B2004D7706 /* SettingsView.swift in Sources */,
				B484CDAF29E865D900834DB1 /* OnboardingView.swift in Sources */,
				B410251A29E68D8A00951114 /* FruitusApp.swift in Sources */,
			);
			runOnlyForDeploymentPostprocessing = 0;
		};
/* End PBXSourcesBuildPhase section */

/* Begin XCBuildConfiguration section */
		B410252329E68D8C00951114 /* Debug */ = {
			isa = XCBuildConfiguration;
			buildSettings = {
				ALWAYS_SEARCH_USER_PATHS = NO;
				CLANG_ANALYZER_NONNULL = YES;
				CLANG_ANALYZER_NUMBER_OBJECT_CONVERSION = YES_AGGRESSIVE;
				CLANG_CXX_LANGUAGE_STANDARD = "gnu++20";
				CLANG_ENABLE_MODULES = YES;
				CLANG_ENABLE_OBJC_ARC = YES;
				CLANG_ENABLE_OBJC_WEAK = YES;
				CLANG_WARN_BLOCK_CAPTURE_AUTORELEASING = YES;
				CLANG_WARN_BOOL_CONVERSION = YES;
				CLANG_WARN_COMMA = YES;
				CLANG_WARN_CONSTANT_CONVERSION = YES;
				CLANG_WARN_DEPRECATED_OBJC_IMPLEMENTATIONS = YES;
				CLANG_WARN_DIRECT_OBJC_ISA_USAGE = YES_ERROR;
				CLANG_WARN_DOCUMENTATION_COMMENTS = YES;
				CLANG_WARN_EMPTY_BODY = YES;
				CLANG_WARN_ENUM_CONVERSION = YES;
				CLANG_WARN_INFINITE_RECURSION = YES;
				CLANG_WARN_INT_CONVERSION = YES;
				CLANG_WARN_NON_LITERAL_NULL_CONVERSION = YES;
				CLANG_WARN_OBJC_IMPLICIT_RETAIN_SELF = YES;
				CLANG_WARN_OBJC_LITERAL_CONVERSION = YES;
				CLANG_WARN_OBJC_ROOT_CLASS = YES_ERROR;
				CLANG_WARN_QUOTED_INCLUDE_IN_FRAMEWORK_HEADER = YES;
				CLANG_WARN_RANGE_LOOP_ANALYSIS = YES;
				CLANG_WARN_STRICT_PROTOTYPES = YES;
				CLANG_WARN_SUSPICIOUS_MOVE = YES;
				CLANG_WARN_UNGUARDED_AVAILABILITY = YES_AGGRESSIVE;
				CLANG_WARN_UNREACHABLE_CODE = YES;
				CLANG_WARN__DUPLICATE_METHOD_MATCH = YES;
				COPY_PHASE_STRIP = NO;
				DEBUG_INFORMATION_FORMAT = dwarf;
				ENABLE_STRICT_OBJC_MSGSEND = YES;
				ENABLE_TESTABILITY = YES;
				GCC_C_LANGUAGE_STANDARD = gnu11;
				GCC_DYNAMIC_NO_PIC = NO;
				GCC_NO_COMMON_BLOCKS = YES;
				GCC_OPTIMIZATION_LEVEL = 0;
				GCC_PREPROCESSOR_DEFINITIONS = (
					"DEBUG=1",
					"$(inherited)",
				);
				GCC_WARN_64_TO_32_BIT_CONVERSION = YES;
				GCC_WARN_ABOUT_RETURN_TYPE = YES_ERROR;
				GCC_WARN_UNDECLARED_SELECTOR = YES;
				GCC_WARN_UNINITIALIZED_AUTOS = YES_AGGRESSIVE;
				GCC_WARN_UNUSED_FUNCTION = YES;
				GCC_WARN_UNUSED_VARIABLE = YES;
				MTL_ENABLE_DEBUG_INFO = INCLUDE_SOURCE;
				MTL_FAST_MATH = YES;
				ONLY_ACTIVE_ARCH = YES;
				SWIFT_ACTIVE_COMPILATION_CONDITIONS = DEBUG;
				SWIFT_OPTIMIZATION_LEVEL = "-Onone";
			};
			name = Debug;
		};
		B410252429E68D8C00951114 /* Release */ = {
			isa = XCBuildConfiguration;
			buildSettings = {
				ALWAYS_SEARCH_USER_PATHS = NO;
				CLANG_ANALYZER_NONNULL = YES;
				CLANG_ANALYZER_NUMBER_OBJECT_CONVERSION = YES_AGGRESSIVE;
				CLANG_CXX_LANGUAGE_STANDARD = "gnu++20";
				CLANG_ENABLE_MODULES = YES;
				CLANG_ENABLE_OBJC_ARC = YES;
				CLANG_ENABLE_OBJC_WEAK = YES;
				CLANG_WARN_BLOCK_CAPTURE_AUTORELEASING = YES;
				CLANG_WARN_BOOL_CONVERSION = YES;
				CLANG_WARN_COMMA = YES;
				CLANG_WARN_CONSTANT_CONVERSION = YES;
				CLANG_WARN_DEPRECATED_OBJC_IMPLEMENTATIONS = YES;
				CLANG_WARN_DIRECT_OBJC_ISA_USAGE = YES_ERROR;
				CLANG_WARN_DOCUMENTATION_COMMENTS = YES;
				CLANG_WARN_EMPTY_BODY = YES;
				CLANG_WARN_ENUM_CONVERSION = YES;
				CLANG_WARN_INFINITE_RECURSION = YES;
				CLANG_WARN_INT_CONVERSION = YES;
				CLANG_WARN_NON_LITERAL_NULL_CONVERSION = YES;
				CLANG_WARN_OBJC_IMPLICIT_RETAIN_SELF = YES;
				CLANG_WARN_OBJC_LITERAL_CONVERSION = YES;
				CLANG_WARN_OBJC_ROOT_CLASS = YES_ERROR;
				CLANG_WARN_QUOTED_INCLUDE_IN_FRAMEWORK_HEADER = YES;
				CLANG_WARN_RANGE_LOOP_ANALYSIS = YES;
				CLANG_WARN_STRICT_PROTOTYPES = YES;
				CLANG_WARN_SUSPICIOUS_MOVE = YES;
				CLANG_WARN_UNGUARDED_AVAILABILITY = YES_AGGRESSIVE;
				CLANG_WARN_UNREACHABLE_CODE = YES;
				CLANG_WARN__DUPLICATE_METHOD_MATCH = YES;
				COPY_PHASE_STRIP = NO;
				DEBUG_INFORMATION_FORMAT = "dwarf-with-dsym";
				ENABLE_NS_ASSERTIONS = NO;
				ENABLE_STRICT_OBJC_MSGSEND = YES;
				GCC_C_LANGUAGE_STANDARD = gnu11;
				GCC_NO_COMMON_BLOCKS = YES;
				GCC_WARN_64_TO_32_BIT_CONVERSION = YES;
				GCC_WARN_ABOUT_RETURN_TYPE = YES_ERROR;
				GCC_WARN_UNDECLARED_SELECTOR = YES;
				GCC_WARN_UNINITIALIZED_AUTOS = YES_AGGRESSIVE;
				GCC_WARN_UNUSED_FUNCTION = YES;
				GCC_WARN_UNUSED_VARIABLE = YES;
				MTL_ENABLE_DEBUG_INFO = NO;
				MTL_FAST_MATH = YES;
				SWIFT_COMPILATION_MODE = wholemodule;
				SWIFT_OPTIMIZATION_LEVEL = "-O";
			};
			name = Release;
		};
		B410252629E68D8C00951114 /* Debug */ = {
			isa = XCBuildConfiguration;
			buildSettings = {
				ASSETCATALOG_COMPILER_APPICON_NAME = AppIcon;
				ASSETCATALOG_COMPILER_GLOBAL_ACCENT_COLOR_NAME = AccentColor;
				CODE_SIGN_ENTITLEMENTS = Fruitus/Fruitus.entitlements;
				CODE_SIGN_STYLE = Automatic;
				CURRENT_PROJECT_VERSION = 1;
				DEVELOPMENT_ASSET_PATHS = "\"Fruitus/Preview Content\"";
				ENABLE_PREVIEWS = YES;
				GENERATE_INFOPLIST_FILE = YES;
				"INFOPLIST_KEY_UIApplicationSceneManifest_Generation[sdk=iphoneos*]" = YES;
				"INFOPLIST_KEY_UIApplicationSceneManifest_Generation[sdk=iphonesimulator*]" = YES;
				"INFOPLIST_KEY_UIApplicationSupportsIndirectInputEvents[sdk=iphoneos*]" = YES;
				"INFOPLIST_KEY_UIApplicationSupportsIndirectInputEvents[sdk=iphonesimulator*]" = YES;
				"INFOPLIST_KEY_UILaunchScreen_Generation[sdk=iphoneos*]" = YES;
				"INFOPLIST_KEY_UILaunchScreen_Generation[sdk=iphonesimulator*]" = YES;
				"INFOPLIST_KEY_UIStatusBarStyle[sdk=iphoneos*]" = UIStatusBarStyleDefault;
				"INFOPLIST_KEY_UIStatusBarStyle[sdk=iphonesimulator*]" = UIStatusBarStyleDefault;
				INFOPLIST_KEY_UISupportedInterfaceOrientations = UIInterfaceOrientationPortrait;
				INFOPLIST_KEY_UISupportedInterfaceOrientations_iPad = "UIInterfaceOrientationLandscapeLeft UIInterfaceOrientationLandscapeRight UIInterfaceOrientationPortrait UIInterfaceOrientationPortraitUpsideDown";
				IPHONEOS_DEPLOYMENT_TARGET = 16.2;
				LD_RUNPATH_SEARCH_PATHS = "@executable_path/Frameworks";
				"LD_RUNPATH_SEARCH_PATHS[sdk=macosx*]" = "@executable_path/../Frameworks";
				MACOSX_DEPLOYMENT_TARGET = 13.1;
				MARKETING_VERSION = 1.0;
				PRODUCT_BUNDLE_IDENTIFIER = com.chitraarasu.Fruitus;
				PRODUCT_NAME = "$(TARGET_NAME)";
				SDKROOT = auto;
				SUPPORTED_PLATFORMS = "iphoneos iphonesimulator macosx";
				SWIFT_EMIT_LOC_STRINGS = YES;
				SWIFT_VERSION = 5.0;
				TARGETED_DEVICE_FAMILY = "1,2";
			};
			name = Debug;
		};
		B410252729E68D8C00951114 /* Release */ = {
			isa = XCBuildConfiguration;
			buildSettings = {
				ASSETCATALOG_COMPILER_APPICON_NAME = AppIcon;
				ASSETCATALOG_COMPILER_GLOBAL_ACCENT_COLOR_NAME = AccentColor;
				CODE_SIGN_ENTITLEMENTS = Fruitus/Fruitus.entitlements;
				CODE_SIGN_STYLE = Automatic;
				CURRENT_PROJECT_VERSION = 1;
				DEVELOPMENT_ASSET_PATHS = "\"Fruitus/Preview Content\"";
				ENABLE_PREVIEWS = YES;
				GENERATE_INFOPLIST_FILE = YES;
				"INFOPLIST_KEY_UIApplicationSceneManifest_Generation[sdk=iphoneos*]" = YES;
				"INFOPLIST_KEY_UIApplicationSceneManifest_Generation[sdk=iphonesimulator*]" = YES;
				"INFOPLIST_KEY_UIApplicationSupportsIndirectInputEvents[sdk=iphoneos*]" = YES;
				"INFOPLIST_KEY_UIApplicationSupportsIndirectInputEvents[sdk=iphonesimulator*]" = YES;
				"INFOPLIST_KEY_UILaunchScreen_Generation[sdk=iphoneos*]" = YES;
				"INFOPLIST_KEY_UILaunchScreen_Generation[sdk=iphonesimulator*]" = YES;
				"INFOPLIST_KEY_UIStatusBarStyle[sdk=iphoneos*]" = UIStatusBarStyleDefault;
				"INFOPLIST_KEY_UIStatusBarStyle[sdk=iphonesimulator*]" = UIStatusBarStyleDefault;
				INFOPLIST_KEY_UISupportedInterfaceOrientations = UIInterfaceOrientationPortrait;
				INFOPLIST_KEY_UISupportedInterfaceOrientations_iPad = "UIInterfaceOrientationLandscapeLeft UIInterfaceOrientationLandscapeRight UIInterfaceOrientationPortrait UIInterfaceOrientationPortraitUpsideDown";
				IPHONEOS_DEPLOYMENT_TARGET = 16.2;
				LD_RUNPATH_SEARCH_PATHS = "@executable_path/Frameworks";
				"LD_RUNPATH_SEARCH_PATHS[sdk=macosx*]" = "@executable_path/../Frameworks";
				MACOSX_DEPLOYMENT_TARGET = 13.1;
				MARKETING_VERSION = 1.0;
				PRODUCT_BUNDLE_IDENTIFIER = com.chitraarasu.Fruitus;
				PRODUCT_NAME = "$(TARGET_NAME)";
				SDKROOT = auto;
				SUPPORTED_PLATFORMS = "iphoneos iphonesimulator macosx";
				SWIFT_EMIT_LOC_STRINGS = YES;
				SWIFT_VERSION = 5.0;
				TARGETED_DEVICE_FAMILY = "1,2";
			};
			name = Release;
		};
/* End XCBuildConfiguration section */

/* Begin XCConfigurationList section */
		B410251129E68D8A00951114 /* Build configuration list for PBXProject "Fruitus" */ = {
			isa = XCConfigurationList;
			buildConfigurations = (
				B410252329E68D8C00951114 /* Debug */,
				B410252429E68D8C00951114 /* Release */,
			);
			defaultConfigurationIsVisible = 0;
			defaultConfigurationName = Release;
		};
		B410252529E68D8C00951114 /* Build configuration list for PBXNativeTarget "Fruitus" */ = {
			isa = XCConfigurationList;
			buildConfigurations = (
				B410252629E68D8C00951114 /* Debug */,
				B410252729E68D8C00951114 /* Release */,
			);
			defaultConfigurationIsVisible = 0;
			defaultConfigurationName = Release;
		};
/* End XCConfigurationList section */
	};
	rootObject = B410250E29E68D8A00951114 /* Project object */;
}
